
Microsoft Visual Studio Solution File, Format Version 12.00
# Visual Studio Version 16
VisualStudioVersion = 16.0.30717.126
MinimumVisualStudioVersion = 10.0.40219.1
Project("{FAE04EC0-301F-11D3-BF4B-00C04F79EFBC}") = "Server", "Server\Server.csproj", "{7A252BBC-F9CE-48A0-AA32-CB0F889111E3}"
EndProject
Project("{FAE04EC0-301F-11D3-BF4B-00C04F79EFBC}") = "MessengerLibrary", "MessengerLibrary\MessengerLibrary.csproj", "{C98AADB7-30E7-4340-BE28-D74C6313A0A3}"
EndProject
Project("{FAE04EC0-301F-11D3-BF4B-00C04F79EFBC}") = "GUI", "GUI\GUI.csproj", "{8E02FE13-A723-42E2-9A30-BE38B3542837}"
EndProject
Global
	GlobalSection(SolutionConfigurationPlatforms) = preSolution
		Debug|Any CPU = Debug|Any CPU
		Release|Any CPU = Release|Any CPU
	EndGlobalSection
	GlobalSection(ProjectConfigurationPlatforms) = postSolution
		{7A252BBC-F9CE-48A0-AA32-CB0F889111E3}.Debug|Any CPU.ActiveCfg = Debug|Any CPU
		{7A252BBC-F9CE-48A0-AA32-CB0F889111E3}.Debug|Any CPU.Build.0 = Debug|Any CPU
		{7A252BBC-F9CE-48A0-AA32-CB0F889111E3}.Release|Any CPU.ActiveCfg = Release|Any CPU
		{7A252BBC-F9CE-48A0-AA32-CB0F889111E3}.Release|Any CPU.Build.0 = Release|Any CPU
		{C98AADB7-30E7-4340-BE28-D74C6313A0A3}.Debug|Any CPU.ActiveCfg = Debug|Any CPU
		{C98AADB7-30E7-4340-BE28-D74C6313A0A3}.Debug|Any CPU.Build.0 = Debug|Any CPU
		{C98AADB7-30E7-4340-BE28-D74C6313A0A3}.Release|Any CPU.ActiveCfg = Release|Any CPU
		{C98AADB7-30E7-4340-BE28-D74C6313A0A3}.Release|Any CPU.Build.0 = Release|Any CPU
		{8E02FE13-A723-42E2-9A30-BE38B3542837}.Debug|Any CPU.ActiveCfg = Debug|Any CPU
		{8E02FE13-A723-42E2-9A30-BE38B3542837}.Debug|Any CPU.Build.0 = Debug|Any CPU
		{8E02FE13-A723-42E2-9A30-BE38B3542837}.Release|Any CPU.ActiveCfg = Release|Any CPU
		{8E02FE13-A723-42E2-9A30-BE38B3542837}.Release|Any CPU.Build.0 = Release|Any CPU
	EndGlobalSection
	GlobalSection(SolutionProperties) = preSolution
		HideSolutionNode = FALSE
	EndGlobalSection
	GlobalSection(ExtensibilityGlobals) = postSolution
		SolutionGuid = {56DAD923-5A33-423B-8F23-8BDC38D246BB}
	EndGlobalSection
EndGlobal
